// !$*UTF8*$!
{
	archiveVersion = 1;
	classes = {
	};
	objectVersion = 50;
	objects = {

/* Begin PBXBuildFile section */
		A65515F42891C66B002C14C0 /* AppDelegate.swift in Sources */ = {isa = PBXBuildFile; fileRef = A65515F32891C66B002C14C0 /* AppDelegate.swift */; };
		A65515F82891C66B002C14C0 /* TodoListViewController.swift in Sources */ = {isa = PBXBuildFile; fileRef = A65515F72891C66B002C14C0 /* TodoListViewController.swift */; };
		A65515FB2891C66B002C14C0 /* Main.storyboard in Resources */ = {isa = PBXBuildFile; fileRef = A65515F92891C66B002C14C0 /* Main.storyboard */; };
		A65515FE2891C66B002C14C0 /* Todoey_iOS15.xcdatamodeld in Sources */ = {isa = PBXBuildFile; fileRef = A65515FC2891C66B002C14C0 /* Todoey_iOS15.xcdatamodeld */; };
		A65516002891C670002C14C0 /* Assets.xcassets in Resources */ = {isa = PBXBuildFile; fileRef = A65515FF2891C670002C14C0 /* Assets.xcassets */; };
		A65516032891C670002C14C0 /* LaunchScreen.storyboard in Resources */ = {isa = PBXBuildFile; fileRef = A65516012891C670002C14C0 /* LaunchScreen.storyboard */; };
		A65516312891CE41002C14C0 /* SceneDelegate.swift in Sources */ = {isa = PBXBuildFile; fileRef = A65516302891CE41002C14C0 /* SceneDelegate.swift */; };
/* End PBXBuildFile section */

/* Begin PBXFileReference section */
		A65515F02891C66B002C14C0 /* Todoey-iOS15.app */ = {isa = PBXFileReference; explicitFileType = wrapper.application; includeInIndex = 0; path = "Todoey-iOS15.app"; sourceTree = BUILT_PRODUCTS_DIR; };
		A65515F32891C66B002C14C0 /* AppDelegate.swift */ = {isa = PBXFileReference; lastKnownFileType = sourcecode.swift; path = AppDelegate.swift; sourceTree = "<group>"; };
		A65515F72891C66B002C14C0 /* TodoListViewController.swift */ = {isa = PBXFileReference; lastKnownFileType = sourcecode.swift; path = TodoListViewController.swift; sourceTree = "<group>"; };
		A65515FA2891C66B002C14C0 /* Base */ = {isa = PBXFileReference; lastKnownFileType = file.storyboard; name = Base; path = Base.lproj/Main.storyboard; sourceTree = "<group>"; };
		A65515FD2891C66B002C14C0 /* Todoey_iOS15.xcdatamodel */ = {isa = PBXFileReference; lastKnownFileType = wrapper.xcdatamodel; path = Todoey_iOS15.xcdatamodel; sourceTree = "<group>"; };
		A65515FF2891C670002C14C0 /* Assets.xcassets */ = {isa = PBXFileReference; lastKnownFileType = folder.assetcatalog; path = Assets.xcassets; sourceTree = "<group>"; };
		A65516022891C670002C14C0 /* Base */ = {isa = PBXFileReference; lastKnownFileType = file.storyboard; name = Base; path = Base.lproj/LaunchScreen.storyboard; sourceTree = "<group>"; };
		A65516042891C670002C14C0 /* Info.plist */ = {isa = PBXFileReference; lastKnownFileType = text.plist.xml; path = Info.plist; sourceTree = "<group>"; };
		A65516302891CE41002C14C0 /* SceneDelegate.swift */ = {isa = PBXFileReference; fileEncoding = 4; lastKnownFileType = sourcecode.swift; path = SceneDelegate.swift; sourceTree = "<group>"; };
/* End PBXFileReference section */

/* Begin PBXFrameworksBuildPhase section */
		A65515ED2891C66B002C14C0 /* Frameworks */ = {
			isa = PBXFrameworksBuildPhase;
			buildActionMask = 2147483647;
			files = (
			);
			runOnlyForDeploymentPostprocessing = 0;
		};
/* End PBXFrameworksBuildPhase section */

/* Begin PBXGroup section */
		A65515E72891C66B002C14C0 = {
			isa = PBXGroup;
			children = (
				A65515F22891C66B002C14C0 /* Todoey-iOS15 */,
				A65515F12891C66B002C14C0 /* Products */,
			);
			sourceTree = "<group>";
		};
		A65515F12891C66B002C14C0 /* Products */ = {
			isa = PBXGroup;
			children = (
				A65515F02891C66B002C14C0 /* Todoey-iOS15.app */,
			);
			name = Products;
			sourceTree = "<group>";
		};
		A65515F22891C66B002C14C0 /* Todoey-iOS15 */ = {
			isa = PBXGroup;
			children = (
				A65515F32891C66B002C14C0 /* AppDelegate.swift */,
				A65516302891CE41002C14C0 /* SceneDelegate.swift */,
				A655160A2891C6C0002C14C0 /* Controllers */,
				A655160F2891C71A002C14C0 /* Data Model */,
				A655160C2891C6F9002C14C0 /* Views */,
				A655160B2891C6D3002C14C0 /* Supporting Files */,
				A65516042891C670002C14C0 /* Info.plist */,
			);
			path = "Todoey-iOS15";
			sourceTree = "<group>";
		};
		A655160A2891C6C0002C14C0 /* Controllers */ = {
			isa = PBXGroup;
			children = (
				A65515F72891C66B002C14C0 /* TodoListViewController.swift */,
			);
			path = Controllers;
			sourceTree = "<group>";
		};
		A655160B2891C6D3002C14C0 /* Supporting Files */ = {
			isa = PBXGroup;
			children = (
				A65515FF2891C670002C14C0 /* Assets.xcassets */,
				A65516012891C670002C14C0 /* LaunchScreen.storyboard */,
			);
			path = "Supporting Files";
			sourceTree = "<group>";
		};
		A655160C2891C6F9002C14C0 /* Views */ = {
			isa = PBXGroup;
			children = (
				A65515F92891C66B002C14C0 /* Main.storyboard */,
			);
			path = Views;
			sourceTree = "<group>";
		};
		A655160F2891C71A002C14C0 /* Data Model */ = {
			isa = PBXGroup;
			children = (
				A65515FC2891C66B002C14C0 /* Todoey_iOS15.xcdatamodeld */,
			);
			path = "Data Model";
			sourceTree = "<group>";
		};
/* End PBXGroup section */

/* Begin PBXNativeTarget section */
		A65515EF2891C66B002C14C0 /* Todoey-iOS15 */ = {
			isa = PBXNativeTarget;
			buildConfigurationList = A65516072891C670002C14C0 /* Build configuration list for PBXNativeTarget "Todoey-iOS15" */;
			buildPhases = (
				A65515EC2891C66B002C14C0 /* Sources */,
				A65515ED2891C66B002C14C0 /* Frameworks */,
				A65515EE2891C66B002C14C0 /* Resources */,
			);
			buildRules = (
			);
			dependencies = (
			);
			name = "Todoey-iOS15";
			productName = "Todoey-iOS15";
			productReference = A65515F02891C66B002C14C0 /* Todoey-iOS15.app */;
			productType = "com.apple.product-type.application";
		};
/* End PBXNativeTarget section */

/* Begin PBXProject section */
		A65515E82891C66B002C14C0 /* Project object */ = {
			isa = PBXProject;
			attributes = {
				LastSwiftUpdateCheck = 1250;
				LastUpgradeCheck = 1250;
				TargetAttributes = {
					A65515EF2891C66B002C14C0 = {
						CreatedOnToolsVersion = 12.5;
					};
				};
			};
			buildConfigurationList = A65515EB2891C66B002C14C0 /* Build configuration list for PBXProject "Todoey-iOS15" */;
			compatibilityVersion = "Xcode 9.3";
			developmentRegion = en;
			hasScannedForEncodings = 0;
			knownRegions = (
				en,
				Base,
			);
			mainGroup = A65515E72891C66B002C14C0;
			productRefGroup = A65515F12891C66B002C14C0 /* Products */;
			projectDirPath = "";
			projectRoot = "";
			targets = (
				A65515EF2891C66B002C14C0 /* Todoey-iOS15 */,
			);
		};
/* End PBXProject section */

/* Begin PBXResourcesBuildPhase section */
		A65515EE2891C66B002C14C0 /* Resources */ = {
			isa = PBXResourcesBuildPhase;
			buildActionMask = 2147483647;
			files = (
				A65516032891C670002C14C0 /* LaunchScreen.storyboard in Resources */,
				A65516002891C670002C14C0 /* Assets.xcassets in Resources */,
				A65515FB2891C66B002C14C0 /* Main.storyboard in Resources */,
			);
			runOnlyForDeploymentPostprocessing = 0;
		};
/* End PBXResourcesBuildPhase section */

/* Begin PBXSourcesBuildPhase section */
		A65515EC2891C66B002C14C0 /* Sources */ = {
			isa = PBXSourcesBuildPhase;
			buildActionMask = 2147483647;
			files = (
				A65516312891CE41002C14C0 /* SceneDelegate.swift in Sources */,
				A65515F82891C66B002C14C0 /* TodoListViewController.swift in Sources */,
				A65515FE2891C66B002C14C0 /* Todoey_iOS15.xcdatamodeld in Sources */,
				A65515F42891C66B002C14C0 /* AppDelegate.swift in Sources */,
			);
			runOnlyForDeploymentPostprocessing = 0;
		};
/* End PBXSourcesBuildPhase section */

/* Begin PBXVariantGroup section */
		A65515F92891C66B002C14C0 /* Main.storyboard */ = {
			isa = PBXVariantGroup;
			children = (
				A65515FA2891C66B002C14C0 /* Base */,
			);
			name = Main.storyboard;
			sourceTree = "<group>";
		};
		A65516012891C670002C14C0 /* LaunchScreen.storyboard */ = {
			isa = PBXVariantGroup;
			children = (
				A65516022891C670002C14C0 /* Base */,
			);
			name = LaunchScreen.storyboard;
			sourceTree = "<group>";
		};
/* End PBXVariantGroup section */

/* Begin XCBuildConfiguration section */
		A65516052891C670002C14C0 /* Debug */ = {
			isa = XCBuildConfiguration;
			buildSettings = {
				ALWAYS_SEARCH_USER_PATHS = NO;
				CLANG_ANALYZER_NONNULL = YES;
				CLANG_ANALYZER_NUMBER_OBJECT_CONVERSION = YES_AGGRESSIVE;
				CLANG_CXX_LANGUAGE_STANDARD = "gnu++14";
				CLANG_CXX_LIBRARY = "libc++";
				CLANG_ENABLE_MODULES = YES;
				CLANG_ENABLE_OBJC_ARC = YES;
				CLANG_ENABLE_OBJC_WEAK = YES;
				CLANG_WARN_BLOCK_CAPTURE_AUTORELEASING = YES;
				CLANG_WARN_BOOL_CONVERSION = YES;
				CLANG_WARN_COMMA = YES;
				CLANG_WARN_CONSTANT_CONVERSION = YES;
				CLANG_WARN_DEPRECATED_OBJC_IMPLEMENTATIONS = YES;
				CLANG_WARN_DIRECT_OBJC_ISA_USAGE = YES_ERROR;
				CLANG_WARN_DOCUMENTATION_COMMENTS = YES;
				CLANG_WARN_EMPTY_BODY = YES;
				CLANG_WARN_ENUM_CONVERSION = YES;
				CLANG_WARN_INFINITE_RECURSION = YES;
				CLANG_WARN_INT_CONVERSION = YES;
				CLANG_WARN_NON_LITERAL_NULL_CONVERSION = YES;
				CLANG_WARN_OBJC_IMPLICIT_RETAIN_SELF = YES;
				CLANG_WARN_OBJC_LITERAL_CONVERSION = YES;
				CLANG_WARN_OBJC_ROOT_CLASS = YES_ERROR;
				CLANG_WARN_QUOTED_INCLUDE_IN_FRAMEWORK_HEADER = YES;
				CLANG_WARN_RANGE_LOOP_ANALYSIS = YES;
				CLANG_WARN_STRICT_PROTOTYPES = YES;
				CLANG_WARN_SUSPICIOUS_MOVE = YES;
				CLANG_WARN_UNGUARDED_AVAILABILITY = YES_AGGRESSIVE;
				CLANG_WARN_UNREACHABLE_CODE = YES;
				CLANG_WARN__DUPLICATE_METHOD_MATCH = YES;
				COPY_PHASE_STRIP = NO;
				DEBUG_INFORMATION_FORMAT = dwarf;
				ENABLE_STRICT_OBJC_MSGSEND = YES;
				ENABLE_TESTABILITY = YES;
				GCC_C_LANGUAGE_STANDARD = gnu11;
				GCC_DYNAMIC_NO_PIC = NO;
				GCC_NO_COMMON_BLOCKS = YES;
				GCC_OPTIMIZATION_LEVEL = 0;
				GCC_PREPROCESSOR_DEFINITIONS = (
					"DEBUG=1",
					"$(inherited)",
				);
				GCC_WARN_64_TO_32_BIT_CONVERSION = YES;
				GCC_WARN_ABOUT_RETURN_TYPE = YES_ERROR;
				GCC_WARN_UNDECLARED_SELECTOR = YES;
				GCC_WARN_UNINITIALIZED_AUTOS = YES_AGGRESSIVE;
				GCC_WARN_UNUSED_FUNCTION = YES;
				GCC_WARN_UNUSED_VARIABLE = YES;
				IPHONEOS_DEPLOYMENT_TARGET = 14.5;
				MTL_ENABLE_DEBUG_INFO = INCLUDE_SOURCE;
				MTL_FAST_MATH = YES;
				ONLY_ACTIVE_ARCH = YES;
				SDKROOT = iphoneos;
				SWIFT_ACTIVE_COMPILATION_CONDITIONS = DEBUG;
				SWIFT_OPTIMIZATION_LEVEL = "-Onone";
			};
			name = Debug;
		};
		A65516062891C670002C14C0 /* Release */ = {
			isa = XCBuildConfiguration;
			buildSettings = {
				ALWAYS_SEARCH_USER_PATHS = NO;
				CLANG_ANALYZER_NONNULL = YES;
				CLANG_ANALYZER_NUMBER_OBJECT_CONVERSION = YES_AGGRESSIVE;
				CLANG_CXX_LANGUAGE_STANDARD = "gnu++14";
				CLANG_CXX_LIBRARY = "libc++";
				CLANG_ENABLE_MODULES = YES;
				CLANG_ENABLE_OBJC_ARC = YES;
				CLANG_ENABLE_OBJC_WEAK = YES;
				CLANG_WARN_BLOCK_CAPTURE_AUTORELEASING = YES;
				CLANG_WARN_BOOL_CONVERSION = YES;
				CLANG_WARN_COMMA = YES;
				CLANG_WARN_CONSTANT_CONVERSION = YES;
				CLANG_WARN_DEPRECATED_OBJC_IMPLEMENTATIONS = YES;
				CLANG_WARN_DIRECT_OBJC_ISA_USAGE = YES_ERROR;
				CLANG_WARN_DOCUMENTATION_COMMENTS = YES;
				CLANG_WARN_EMPTY_BODY = YES;
				CLANG_WARN_ENUM_CONVERSION = YES;
				CLANG_WARN_INFINITE_RECURSION = YES;
				CLANG_WARN_INT_CONVERSION = YES;
				CLANG_WARN_NON_LITERAL_NULL_CONVERSION = YES;
				CLANG_WARN_OBJC_IMPLICIT_RETAIN_SELF = YES;
				CLANG_WARN_OBJC_LITERAL_CONVERSION = YES;
				CLANG_WARN_OBJC_ROOT_CLASS = YES_ERROR;
				CLANG_WARN_QUOTED_INCLUDE_IN_FRAMEWORK_HEADER = YES;
				CLANG_WARN_RANGE_LOOP_ANALYSIS = YES;
				CLANG_WARN_STRICT_PROTOTYPES = YES;
				CLANG_WARN_SUSPICIOUS_MOVE = YES;
				CLANG_WARN_UNGUARDED_AVAILABILITY = YES_AGGRESSIVE;
				CLANG_WARN_UNREACHABLE_CODE = YES;
				CLANG_WARN__DUPLICATE_METHOD_MATCH = YES;
				COPY_PHASE_STRIP = NO;
				DEBUG_INFORMATION_FORMAT = "dwarf-with-dsym";
				ENABLE_NS_ASSERTIONS = NO;
				ENABLE_STRICT_OBJC_MSGSEND = YES;
				GCC_C_LANGUAGE_STANDARD = gnu11;
				GCC_NO_COMMON_BLOCKS = YES;
				GCC_WARN_64_TO_32_BIT_CONVERSION = YES;
				GCC_WARN_ABOUT_RETURN_TYPE = YES_ERROR;
				GCC_WARN_UNDECLARED_SELECTOR = YES;
				GCC_WARN_UNINITIALIZED_AUTOS = YES_AGGRESSIVE;
				GCC_WARN_UNUSED_FUNCTION = YES;
				GCC_WARN_UNUSED_VARIABLE = YES;
				IPHONEOS_DEPLOYMENT_TARGET = 14.5;
				MTL_ENABLE_DEBUG_INFO = NO;
				MTL_FAST_MATH = YES;
				SDKROOT = iphoneos;
				SWIFT_COMPILATION_MODE = wholemodule;
				SWIFT_OPTIMIZATION_LEVEL = "-O";
				VALIDATE_PRODUCT = YES;
			};
			name = Release;
		};
		A65516082891C670002C14C0 /* Debug */ = {
			isa = XCBuildConfiguration;
			buildSettings = {
				ASSETCATALOG_COMPILER_APPICON_NAME = AppIcon;
				ASSETCATALOG_COMPILER_GLOBAL_ACCENT_COLOR_NAME = AccentColor;
				CODE_SIGN_STYLE = Automatic;
				DEVELOPMENT_TEAM = XWAK56435Z;
				INFOPLIST_FILE = "Todoey-iOS15/Info.plist";
				LD_RUNPATH_SEARCH_PATHS = (
					"$(inherited)",
					"@executable_path/Frameworks",
				);
				PRODUCT_BUNDLE_IDENTIFIER = "Apple.Todoey-iOS15";
				PRODUCT_NAME = "$(TARGET_NAME)";
				SWIFT_VERSION = 5.0;
				TARGETED_DEVICE_FAMILY = "1,2";
			};
			name = Debug;
		};
		A65516092891C670002C14C0 /* Release */ = {
			isa = XCBuildConfiguration;
			buildSettings = {
				ASSETCATALOG_COMPILER_APPICON_NAME = AppIcon;
				ASSETCATALOG_COMPILER_GLOBAL_ACCENT_COLOR_NAME = AccentColor;
				CODE_SIGN_STYLE = Automatic;
				DEVELOPMENT_TEAM = XWAK56435Z;
				INFOPLIST_FILE = "Todoey-iOS15/Info.plist";
				LD_RUNPATH_SEARCH_PATHS = (
					"$(inherited)",
					"@executable_path/Frameworks",
				);
				PRODUCT_BUNDLE_IDENTIFIER = "Apple.Todoey-iOS15";
				PRODUCT_NAME = "$(TARGET_NAME)";
				SWIFT_VERSION = 5.0;
				TARGETED_DEVICE_FAMILY = "1,2";
			};
			name = Release;
		};
/* End XCBuildConfiguration section */

/* Begin XCConfigurationList section */
		A65515EB2891C66B002C14C0 /* Build configuration list for PBXProject "Todoey-iOS15" */ = {
			isa = XCConfigurationList;
			buildConfigurations = (
				A65516052891C670002C14C0 /* Debug */,
				A65516062891C670002C14C0 /* Release */,
			);
			defaultConfigurationIsVisible = 0;
			defaultConfigurationName = Release;
		};
		A65516072891C670002C14C0 /* Build configuration list for PBXNativeTarget "Todoey-iOS15" */ = {
			isa = XCConfigurationList;
			buildConfigurations = (
				A65516082891C670002C14C0 /* Debug */,
				A65516092891C670002C14C0 /* Release */,
			);
			defaultConfigurationIsVisible = 0;
			defaultConfigurationName = Release;
		};
/* End XCConfigurationList section */

/* Begin XCVersionGroup section */
		A65515FC2891C66B002C14C0 /* Todoey_iOS15.xcdatamodeld */ = {
			isa = XCVersionGroup;
			children = (
				A65515FD2891C66B002C14C0 /* Todoey_iOS15.xcdatamodel */,
			);
			currentVersion = A65515FD2891C66B002C14C0 /* Todoey_iOS15.xcdatamodel */;
			path = Todoey_iOS15.xcdatamodeld;
			sourceTree = "<group>";
			versionGroupType = wrapper.xcdatamodel;
		};
/* End XCVersionGroup section */
	};
	rootObject = A65515E82891C66B002C14C0 /* Project object */;
}
